Microsoft Visual Studio Solution File, Format Version 12.00
# Visual Studio Version 18
VisualStudioVersion = 18.3.11520.95 d18.3
MinimumVisualStudioVersion = 10.0.40219.1
Project("{FAE04EC0-301F-11D3-BF4B-00C04F79EFBC}") = "FF.SharedKernel", "FF.SharedKernel\FF.SharedKernel.csproj", "{D1A5C6E2-3B4F-4A92-9C2F-1A2B3C4D5E01}"
EndProject
Project("{FAE04EC0-301F-11D3-BF4B-00C04F79EFBC}") = "FF.Domain", "FF.Domain\FF.Domain.csproj", "{D1A5C6E2-3B4F-4A92-9C2F-1A2B3C4D5E02}"
EndProject
Project("{FAE04EC0-301F-11D3-BF4B-00C04F79EFBC}") = "FF.Application", "FF.Application\FF.Application.csproj", "{D1A5C6E2-3B4F-4A92-9C2F-1A2B3C4D5E03}"
EndProject
Project("{FAE04EC0-301F-11D3-BF4B-00C04F79EFBC}") = "FF.Infrastructure", "FF.Infrastructure\FF.Infrastructure.csproj", "{D1A5C6E2-3B4F-4A92-9C2F-1A2B3C4D5E04}"
EndProject
Project("{FAE04EC0-301F-11D3-BF4B-00C04F79EFBC}") = "FF.API", "FF.API\FF.API.csproj", "{D1A5C6E2-3B4F-4A92-9C2F-1A2B3C4D5E05}"
EndProject
Project("{FAE04EC0-301F-11D3-BF4B-00C04F79EFBC}") = "FF.WebBlazor", "FF.WebBlazor\FF.WebBlazor.csproj", "{D1A5C6E2-3B4F-4A92-9C2F-1A2B3C4D5E06}"
EndProject
Project("{FAE04EC0-301F-11D3-BF4B-00C04F79EFBC}") = "FF.Tests", "FF.Tests\FF.Tests.csproj", "{31035E1D-CBBC-4C9D-A5A7-48612DD4823E}"
EndProject
Global
	GlobalSection(SolutionConfigurationPlatforms) = preSolution
		Debug|Any CPU = Debug|Any CPU
		Release|Any CPU = Release|Any CPU
	EndGlobalSection
	GlobalSection(ProjectConfigurationPlatforms) = postSolution
		{D1A5C6E2-3B4F-4A92-9C2F-1A2B3C4D5E01}.Debug|Any CPU.ActiveCfg = Debug|Any CPU
		{D1A5C6E2-3B4F-4A92-9C2F-1A2B3C4D5E01}.Debug|Any CPU.Build.0 = Debug|Any CPU
		{D1A5C6E2-3B4F-4A92-9C2F-1A2B3C4D5E01}.Release|Any CPU.ActiveCfg = Release|Any CPU
		{D1A5C6E2-3B4F-4A92-9C2F-1A2B3C4D5E01}.Release|Any CPU.Build.0 = Release|Any CPU
		{D1A5C6E2-3B4F-4A92-9C2F-1A2B3C4D5E02}.Debug|Any CPU.ActiveCfg = Debug|Any CPU
		{D1A5C6E2-3B4F-4A92-9C2F-1A2B3C4D5E02}.Debug|Any CPU.Build.0 = Debug|Any CPU
		{D1A5C6E2-3B4F-4A92-9C2F-1A2B3C4D5E02}.Release|Any CPU.ActiveCfg = Release|Any CPU
		{D1A5C6E2-3B4F-4A92-9C2F-1A2B3C4D5E02}.Release|Any CPU.Build.0 = Release|Any CPU
		{D1A5C6E2-3B4F-4A92-9C2F-1A2B3C4D5E03}.Debug|Any CPU.ActiveCfg = Debug|Any CPU
		{D1A5C6E2-3B4F-4A92-9C2F-1A2B3C4D5E03}.Debug|Any CPU.Build.0 = Debug|Any CPU
		{D1A5C6E2-3B4F-4A92-9C2F-1A2B3C4D5E03}.Release|Any CPU.ActiveCfg = Release|Any CPU
		{D1A5C6E2-3B4F-4A92-9C2F-1A2B3C4D5E03}.Release|Any CPU.Build.0 = Release|Any CPU
		{D1A5C6E2-3B4F-4A92-9C2F-1A2B3C4D5E04}.Debug|Any CPU.ActiveCfg = Debug|Any CPU
		{D1A5C6E2-3B4F-4A92-9C2F-1A2B3C4D5E04}.Debug|Any CPU.Build.0 = Debug|Any CPU
		{D1A5C6E2-3B4F-4A92-9C2F-1A2B3C4D5E04}.Release|Any CPU.ActiveCfg = Release|Any CPU
		{D1A5C6E2-3B4F-4A92-9C2F-1A2B3C4D5E04}.Release|Any CPU.Build.0 = Release|Any CPU
		{D1A5C6E2-3B4F-4A92-9C2F-1A2B3C4D5E05}.Debug|Any CPU.ActiveCfg = Debug|Any CPU
		{D1A5C6E2-3B4F-4A92-9C2F-1A2B3C4D5E05}.Debug|Any CPU.Build.0 = Debug|Any CPU
		{D1A5C6E2-3B4F-4A92-9C2F-1A2B3C4D5E05}.Release|Any CPU.ActiveCfg = Release|Any CPU
		{D1A5C6E2-3B4F-4A92-9C2F-1A2B3C4D5E05}.Release|Any CPU.Build.0 = Release|Any CPU
		{D1A5C6E2-3B4F-4A92-9C2F-1A2B3C4D5E06}.Debug|Any CPU.ActiveCfg = Debug|Any CPU
		{D1A5C6E2-3B4F-4A92-9C2F-1A2B3C4D5E06}.Debug|Any CPU.Build.0 = Debug|Any CPU
		{D1A5C6E2-3B4F-4A92-9C2F-1A2B3C4D5E06}.Release|Any CPU.ActiveCfg = Release|Any CPU
		{D1A5C6E2-3B4F-4A92-9C2F-1A2B3C4D5E06}.Release|Any CPU.Build.0 = Release|Any CPU
		{31035E1D-CBBC-4C9D-A5A7-48612DD4823E}.Debug|Any CPU.ActiveCfg = Debug|Any CPU
		{31035E1D-CBBC-4C9D-A5A7-48612DD4823E}.Debug|Any CPU.Build.0 = Debug|Any CPU
		{31035E1D-CBBC-4C9D-A5A7-48612DD4823E}.Release|Any CPU.ActiveCfg = Release|Any CPU
		{31035E1D-CBBC-4C9D-A5A7-48612DD4823E}.Release|Any CPU.Build.0 = Release|Any CPU
	EndGlobalSection
	GlobalSection(SolutionProperties) = preSolution
		HideSolutionNode = FALSE
	EndGlobalSection
	GlobalSection(ExtensibilityGlobals) = postSolution
		SolutionGuid = {7E4AF275-A4F5-428A-961C-23CD52B417DA}
	EndGlobalSection
EndGlobal
